
Microsoft Visual Studio Solution File, Format Version 12.00
# Visual Studio 2012
Project("{FAE04EC0-301F-11D3-BF4B-00C04F79EFBC}") = "webtest1", "webtest1\webtest1.csproj", "{44AA5867-4885-4606-8CA2-0B3FE12A8ADC}"
EndProject
Global
	GlobalSection(SolutionConfigurationPlatforms) = preSolution
		Debug|Any CPU = Debug|Any CPU
		Release|Any CPU = Release|Any CPU
	EndGlobalSection
	GlobalSection(ProjectConfigurationPlatforms) = postSolution
		{44AA5867-4885-4606-8CA2-0B3FE12A8ADC}.Debug|Any CPU.ActiveCfg = Debug|Any CPU
		{44AA5867-4885-4606-8CA2-0B3FE12A8ADC}.Debug|Any CPU.Build.0 = Debug|Any CPU
		{44AA5867-4885-4606-8CA2-0B3FE12A8ADC}.Release|Any CPU.ActiveCfg = Release|Any CPU
		{44AA5867-4885-4606-8CA2-0B3FE12A8ADC}.Release|Any CPU.Build.0 = Release|Any CPU
	EndGlobalSection
	GlobalSection(SolutionProperties) = preSolution
		HideSolutionNode = FALSE
	EndGlobalSection
EndGlobal
